Microsoft Visual Studio Solution File, Format Version 12.00
# Visual Studio Version 17
VisualStudioVersion = 17.5.2.0
MinimumVisualStudioVersion = 10.0.40219.1
Project("{2150E333-8FDC-42A3-9474-1A3956D46DE8}") = "_shared", "_shared", "{2C62D385-0462-A9A1-B49F-11B2CA4C133B}"
EndProject
Project("{2150E333-8FDC-42A3-9474-1A3956D46DE8}") = "n8n", "n8n", "{9773378F-BCD9-4909-7101-A9CBAA5F1926}"
EndProject
Project("{2150E333-8FDC-42A3-9474-1A3956D46DE8}") = "scripts", "scripts", "{9F4E19A9-B9FF-566F-F821-43A6E590DBAE}"
EndProject
Project("{FAE04EC0-301F-11D3-BF4B-00C04F79EFBC}") = "MarkdownToPdf", "_shared\n8n\scripts\MarkdownToPdf\MarkdownToPdf.csproj", "{04CEDA6C-099A-93AC-E745-C0FB91C7BE71}"
EndProject
Global
	GlobalSection(SolutionConfigurationPlatforms) = preSolution
		Debug|Any CPU = Debug|Any CPU
		Release|Any CPU = Release|Any CPU
	EndGlobalSection
	GlobalSection(ProjectConfigurationPlatforms) = postSolution
		{04CEDA6C-099A-93AC-E745-C0FB91C7BE71}.Debug|Any CPU.ActiveCfg = Debug|Any CPU
		{04CEDA6C-099A-93AC-E745-C0FB91C7BE71}.Debug|Any CPU.Build.0 = Debug|Any CPU
		{04CEDA6C-099A-93AC-E745-C0FB91C7BE71}.Release|Any CPU.ActiveCfg = Release|Any CPU
		{04CEDA6C-099A-93AC-E745-C0FB91C7BE71}.Release|Any CPU.Build.0 = Release|Any CPU
	EndGlobalSection
	GlobalSection(SolutionProperties) = preSolution
		HideSolutionNode = FALSE
	EndGlobalSection
	GlobalSection(NestedProjects) = preSolution
		{9773378F-BCD9-4909-7101-A9CBAA5F1926} = {2C62D385-0462-A9A1-B49F-11B2CA4C133B}
		{9F4E19A9-B9FF-566F-F821-43A6E590DBAE} = {9773378F-BCD9-4909-7101-A9CBAA5F1926}
		{04CEDA6C-099A-93AC-E745-C0FB91C7BE71} = {9F4E19A9-B9FF-566F-F821-43A6E590DBAE}
	EndGlobalSection
	GlobalSection(ExtensibilityGlobals) = postSolution
		SolutionGuid = {35A9F958-4EDF-4FCC-A528-586AFCC4974D}
	EndGlobalSection
EndGlobal
